
Microsoft Visual Studio Solution File, Format Version 10.00
# Visual Studio 2008
Project("{FAE04EC0-301F-11D3-BF4B-00C04F79EFBC}") = "ServerDLL", "..\..\ServerDLL\ServerDLL.csproj", "{B028C01E-9053-4405-955E-A2C1916D273D}"
EndProject
Project("{FAE04EC0-301F-11D3-BF4B-00C04F79EFBC}") = "ServerWindowsInterface", "ServerWindowsInterface\ServerWindowsInterface.csproj", "{861003C1-CEC4-40E1-AA47-43B82BB38845}"
EndProject
Project("{FAE04EC0-301F-11D3-BF4B-00C04F79EFBC}") = "SelfUpdatingSever", "SelfUpdatingSever\SelfUpdatingSever.csproj", "{F8D5CD51-D0AE-439B-81B0-A80984A07890}"
EndProject
Global
	GlobalSection(SolutionConfigurationPlatforms) = preSolution
		Debug|Any CPU = Debug|Any CPU
		Release|Any CPU = Release|Any CPU
	EndGlobalSection
	GlobalSection(ProjectConfigurationPlatforms) = postSolution
		{B028C01E-9053-4405-955E-A2C1916D273D}.Debug|Any CPU.ActiveCfg = Debug|Any CPU
		{B028C01E-9053-4405-955E-A2C1916D273D}.Debug|Any CPU.Build.0 = Debug|Any CPU
		{B028C01E-9053-4405-955E-A2C1916D273D}.Release|Any CPU.ActiveCfg = Release|Any CPU
		{B028C01E-9053-4405-955E-A2C1916D273D}.Release|Any CPU.Build.0 = Release|Any CPU
		{861003C1-CEC4-40E1-AA47-43B82BB38845}.Debug|Any CPU.ActiveCfg = Debug|Any CPU
		{861003C1-CEC4-40E1-AA47-43B82BB38845}.Debug|Any CPU.Build.0 = Debug|Any CPU
		{861003C1-CEC4-40E1-AA47-43B82BB38845}.Release|Any CPU.ActiveCfg = Release|Any CPU
		{861003C1-CEC4-40E1-AA47-43B82BB38845}.Release|Any CPU.Build.0 = Release|Any CPU
		{F8D5CD51-D0AE-439B-81B0-A80984A07890}.Debug|Any CPU.ActiveCfg = Debug|Any CPU
		{F8D5CD51-D0AE-439B-81B0-A80984A07890}.Debug|Any CPU.Build.0 = Debug|Any CPU
		{F8D5CD51-D0AE-439B-81B0-A80984A07890}.Release|Any CPU.ActiveCfg = Release|Any CPU
		{F8D5CD51-D0AE-439B-81B0-A80984A07890}.Release|Any CPU.Build.0 = Release|Any CPU
	EndGlobalSection
	GlobalSection(SolutionProperties) = preSolution
		HideSolutionNode = FALSE
	EndGlobalSection
EndGlobal
