
Microsoft Visual Studio Solution File, Format Version 12.00
# Visual Studio 2013
VisualStudioVersion = 12.0.21005.1
MinimumVisualStudioVersion = 10.0.40219.1
Project("{E24C65DC-7377-472B-9ABA-BC803B73C61A}") = "Gmail", ".", "{6ECADBC6-278D-4EAB-A975-016BD244465A}"
	ProjectSection(WebsiteProperties) = preProject
		TargetFrameworkMoniker = ".NETFramework,Version%3Dv3.5"
		Debug.AspNetCompiler.VirtualPath = "/Gmail"
		Debug.AspNetCompiler.PhysicalPath = "..\Gmail\"
		Debug.AspNetCompiler.TargetPath = "PrecompiledWeb\Gmail\"
		Debug.AspNetCompiler.Updateable = "true"
		Debug.AspNetCompiler.ForceOverwrite = "true"
		Debug.AspNetCompiler.FixedNames = "false"
		Debug.AspNetCompiler.Debug = "True"
		Release.AspNetCompiler.VirtualPath = "/Gmail"
		Release.AspNetCompiler.PhysicalPath = "..\Gmail\"
		Release.AspNetCompiler.TargetPath = "PrecompiledWeb\Gmail\"
		Release.AspNetCompiler.Updateable = "true"
		Release.AspNetCompiler.ForceOverwrite = "true"
		Release.AspNetCompiler.FixedNames = "false"
		Release.AspNetCompiler.Debug = "False"
		VWDPort = "4252"
		SlnRelativePath = "..\Gmail\"
	EndProjectSection
EndProject
Project("{FAE04EC0-301F-11D3-BF4B-00C04F79EFBC}") = "ConsoleApplication1", "..\ConsoleApplication1\ConsoleApplication1.csproj", "{DFCACCDE-2A81-4DE7-931E-27BAFA8FFCCD}"
EndProject
Global
	GlobalSection(SolutionConfigurationPlatforms) = preSolution
		Debug|.NET = Debug|.NET
		Debug|Any CPU = Debug|Any CPU
		Debug|Mixed Platforms = Debug|Mixed Platforms
		Release|.NET = Release|.NET
		Release|Any CPU = Release|Any CPU
		Release|Mixed Platforms = Release|Mixed Platforms
	EndGlobalSection
	GlobalSection(ProjectConfigurationPlatforms) = postSolution
		{6ECADBC6-278D-4EAB-A975-016BD244465A}.Debug|.NET.ActiveCfg = Debug|Any CPU
		{6ECADBC6-278D-4EAB-A975-016BD244465A}.Debug|Any CPU.ActiveCfg = Debug|Any CPU
		{6ECADBC6-278D-4EAB-A975-016BD244465A}.Debug|Any CPU.Build.0 = Debug|Any CPU
		{6ECADBC6-278D-4EAB-A975-016BD244465A}.Debug|Mixed Platforms.ActiveCfg = Debug|Any CPU
		{6ECADBC6-278D-4EAB-A975-016BD244465A}.Debug|Mixed Platforms.Build.0 = Debug|Any CPU
		{6ECADBC6-278D-4EAB-A975-016BD244465A}.Release|.NET.ActiveCfg = Debug|Any CPU
		{6ECADBC6-278D-4EAB-A975-016BD244465A}.Release|Any CPU.ActiveCfg = Debug|Any CPU
		{6ECADBC6-278D-4EAB-A975-016BD244465A}.Release|Any CPU.Build.0 = Debug|Any CPU
		{6ECADBC6-278D-4EAB-A975-016BD244465A}.Release|Mixed Platforms.ActiveCfg = Debug|Any CPU
		{6ECADBC6-278D-4EAB-A975-016BD244465A}.Release|Mixed Platforms.Build.0 = Debug|Any CPU
		{DFCACCDE-2A81-4DE7-931E-27BAFA8FFCCD}.Debug|.NET.ActiveCfg = Debug|Any CPU
		{DFCACCDE-2A81-4DE7-931E-27BAFA8FFCCD}.Debug|Any CPU.ActiveCfg = Debug|Any CPU
		{DFCACCDE-2A81-4DE7-931E-27BAFA8FFCCD}.Debug|Any CPU.Build.0 = Debug|Any CPU
		{DFCACCDE-2A81-4DE7-931E-27BAFA8FFCCD}.Debug|Mixed Platforms.ActiveCfg = Debug|Any CPU
		{DFCACCDE-2A81-4DE7-931E-27BAFA8FFCCD}.Debug|Mixed Platforms.Build.0 = Debug|Any CPU
		{DFCACCDE-2A81-4DE7-931E-27BAFA8FFCCD}.Release|.NET.ActiveCfg = Release|Any CPU
		{DFCACCDE-2A81-4DE7-931E-27BAFA8FFCCD}.Release|Any CPU.ActiveCfg = Release|Any CPU
		{DFCACCDE-2A81-4DE7-931E-27BAFA8FFCCD}.Release|Any CPU.Build.0 = Release|Any CPU
		{DFCACCDE-2A81-4DE7-931E-27BAFA8FFCCD}.Release|Mixed Platforms.ActiveCfg = Release|Any CPU
		{DFCACCDE-2A81-4DE7-931E-27BAFA8FFCCD}.Release|Mixed Platforms.Build.0 = Release|Any CPU
	EndGlobalSection
	GlobalSection(SolutionProperties) = preSolution
		HideSolutionNode = FALSE
	EndGlobalSection
EndGlobal
