
Microsoft Visual Studio Solution File, Format Version 10.00
# Visual Studio 2008
Project("{FAE04EC0-301F-11D3-BF4B-00C04F79EFBC}") = "Client", "Client\Client.csproj", "{4F30F755-576E-48A1-92B1-5633E2E3167E}"
EndProject
Project("{FAE04EC0-301F-11D3-BF4B-00C04F79EFBC}") = "ClientDll", "ClientDll\ClientDll.csproj", "{63B4C2C9-0342-41E0-8C1C-5C957916C09D}"
EndProject
Global
	GlobalSection(SolutionConfigurationPlatforms) = preSolution
		Debug|Any CPU = Debug|Any CPU
		Release|Any CPU = Release|Any CPU
	EndGlobalSection
	GlobalSection(ProjectConfigurationPlatforms) = postSolution
		{4F30F755-576E-48A1-92B1-5633E2E3167E}.Debug|Any CPU.ActiveCfg = Debug|Any CPU
		{4F30F755-576E-48A1-92B1-5633E2E3167E}.Debug|Any CPU.Build.0 = Debug|Any CPU
		{4F30F755-576E-48A1-92B1-5633E2E3167E}.Release|Any CPU.ActiveCfg = Release|Any CPU
		{4F30F755-576E-48A1-92B1-5633E2E3167E}.Release|Any CPU.Build.0 = Release|Any CPU
		{63B4C2C9-0342-41E0-8C1C-5C957916C09D}.Debug|Any CPU.ActiveCfg = Debug|Any CPU
		{63B4C2C9-0342-41E0-8C1C-5C957916C09D}.Debug|Any CPU.Build.0 = Debug|Any CPU
		{63B4C2C9-0342-41E0-8C1C-5C957916C09D}.Release|Any CPU.ActiveCfg = Release|Any CPU
		{63B4C2C9-0342-41E0-8C1C-5C957916C09D}.Release|Any CPU.Build.0 = Release|Any CPU
	EndGlobalSection
	GlobalSection(SolutionProperties) = preSolution
		HideSolutionNode = FALSE
	EndGlobalSection
EndGlobal
